
Microsoft Visual Studio Solution File, Format Version 12.00
# Visual Studio Version 17
VisualStudioVersion = 17.6.33815.320
MinimumVisualStudioVersion = 10.0.40219.1
Project("{FAE04EC0-301F-11D3-BF4B-00C04F79EFBC}") = "SimpleEmailSender", "SimpleEmailSender.csproj", "{5F9E45D2-7DB4-45E7-BDBA-696173E54A8A}"
EndProject
Global
	GlobalSection(SolutionConfigurationPlatforms) = preSolution
		Debug|Any CPU = Debug|Any CPU
		Release|Any CPU = Release|Any CPU
	EndGlobalSection
	GlobalSection(ProjectConfigurationPlatforms) = postSolution
		{5F9E45D2-7DB4-45E7-BDBA-696173E54A8A}.Debug|Any CPU.ActiveCfg = Debug|Any CPU
		{5F9E45D2-7DB4-45E7-BDBA-696173E54A8A}.Debug|Any CPU.Build.0 = Debug|Any CPU
		{5F9E45D2-7DB4-45E7-BDBA-696173E54A8A}.Release|Any CPU.ActiveCfg = Release|Any CPU
		{5F9E45D2-7DB4-45E7-BDBA-696173E54A8A}.Release|Any CPU.Build.0 = Release|Any CPU
	EndGlobalSection
	GlobalSection(SolutionProperties) = preSolution
		HideSolutionNode = FALSE
	EndGlobalSection
	GlobalSection(ExtensibilityGlobals) = postSolution
		SolutionGuid = {3541D8FE-B1E6-4690-817C-6B58EAF14BD6}
	EndGlobalSection
EndGlobal
